<?xml version="1.0" encoding="UTF-8" standalone="yes" ?>
<CodeBlocks_project_file>
	<FileVersion major="1" minor="6" />
	<Project>
		<Option title="UDJAT User monitor" />
		<Option makefile_is_custom="1" />
		<Option pch_mode="2" />
		<Option compiler="gcc" />
		<Build>
			<Target title="Debug">
				<Option output=".bin/Debug/udjat" prefix_auto="1" extension_auto="1" />
				<Option object_output=".obj/Debug/" />
				<Option type="1" />
				<Option compiler="gcc" />
				<Compiler>
					<Add option="-g" />
					<Add option="-DDEBUG=1" />
				</Compiler>
			</Target>
			<Target title="Release">
				<Option output=".bin/Release/udjat" prefix_auto="1" extension_auto="1" />
				<Option object_output=".obj/Release/" />
				<Option type="1" />
				<Option compiler="gcc" />
				<Compiler>
					<Add option="-O2" />
					<Add option="-DNDEBUG=1" />
				</Compiler>
				<Linker>
					<Add option="-s" />
				</Linker>
			</Target>
		</Build>
		<Compiler>
			<Add option="-Wall" />
			<Add option="-std=c++17" />
			<Add directory="src/include" />
		</Compiler>
		<Unit filename="src/include/config.h" />
		<Unit filename="src/include/udjat/tools/usersession.h" />
		<Unit filename="src/library/controller.cc" />
		<Unit filename="src/library/events.cc" />
		<Unit filename="src/library/os/linux/controller.cc" />
		<Unit filename="src/library/os/linux/environment.cc" />
		<Unit filename="src/library/os/linux/private.h" />
		<Unit filename="src/library/os/linux/session.cc" />
		<Unit filename="src/library/os/linux/sessiondeinit.cc" />
		<Unit filename="src/library/os/linux/sessioninit.cc" />
		<Unit filename="src/library/os/windows/controller.cc" />
		<Unit filename="src/library/os/windows/session.cc" />
		<Unit filename="src/library/session.cc" />
		<Unit filename="src/module/agent.cc" />
		<Unit filename="src/module/alert.cc" />
		<Unit filename="src/module/controller.cc" />
		<Unit filename="src/module/init.cc" />
		<Unit filename="src/module/private.h" />
		<Unit filename="src/testprogram/testprogram.cc" />
		<Extensions />
	</Project>
</CodeBlocks_project_file>
