<?xml version="1.0" encoding="UTF-8" standalone="yes" ?>
<CodeBlocks_project_file>
	<FileVersion major="1" minor="6" />
	<Project>
		<Option title="UDJAT User monitor" />
		<Option makefile_is_custom="1" />
		<Option pch_mode="2" />
		<Option compiler="gcc" />
		<Build>
			<Target title="Debug">
				<Option output=".bin/Debug/udjat" prefix_auto="1" extension_auto="1" />
				<Option object_output=".obj/Debug/" />
				<Option type="1" />
				<Option compiler="gcc" />
				<Compiler>
					<Add option="-g" />
					<Add option="-DDEBUG=1" />
				</Compiler>
			</Target>
			<Target title="Release">
				<Option output=".bin/Release/udjat" prefix_auto="1" extension_auto="1" />
				<Option object_output=".obj/Release/" />
				<Option type="1" />
				<Option compiler="gcc" />
				<Compiler>
					<Add option="-O2" />
					<Add option="-DNDEBUG=1" />
				</Compiler>
				<Linker>
					<Add option="-s" />
				</Linker>
			</Target>
		</Build>
		<Compiler>
			<Add option="-Wall" />
			<Add option="-std=c++17" />
			<Add directory="src/include" />
		</Compiler>
		<Unit filename="intl/bindtextdom.c">
			<Option compilerVar="CC" />
		</Unit>
		<Unit filename="intl/dcgettext.c">
			<Option compilerVar="CC" />
		</Unit>
		<Unit filename="intl/dcigettext.c">
			<Option compilerVar="CC" />
		</Unit>
		<Unit filename="intl/dcngettext.c">
			<Option compilerVar="CC" />
		</Unit>
		<Unit filename="intl/dgettext.c">
			<Option compilerVar="CC" />
		</Unit>
		<Unit filename="intl/dngettext.c">
			<Option compilerVar="CC" />
		</Unit>
		<Unit filename="intl/eval-plural.h" />
		<Unit filename="intl/explodename.c">
			<Option compilerVar="CC" />
		</Unit>
		<Unit filename="intl/finddomain.c">
			<Option compilerVar="CC" />
		</Unit>
		<Unit filename="intl/gettext.c">
			<Option compilerVar="CC" />
		</Unit>
		<Unit filename="intl/gettextP.h" />
		<Unit filename="intl/gmo.h" />
		<Unit filename="intl/hash-string.h" />
		<Unit filename="intl/intl-compat.c">
			<Option compilerVar="CC" />
		</Unit>
		<Unit filename="intl/l10nflist.c">
			<Option compilerVar="CC" />
		</Unit>
		<Unit filename="intl/loadinfo.h" />
		<Unit filename="intl/loadmsgcat.c">
			<Option compilerVar="CC" />
		</Unit>
		<Unit filename="intl/localcharset.c">
			<Option compilerVar="CC" />
		</Unit>
		<Unit filename="intl/localcharset.h" />
		<Unit filename="intl/localealias.c">
			<Option compilerVar="CC" />
		</Unit>
		<Unit filename="intl/localename.c">
			<Option compilerVar="CC" />
		</Unit>
		<Unit filename="intl/log.c">
			<Option compilerVar="CC" />
		</Unit>
		<Unit filename="intl/ngettext.c">
			<Option compilerVar="CC" />
		</Unit>
		<Unit filename="intl/os2compat.c">
			<Option compilerVar="CC" />
		</Unit>
		<Unit filename="intl/os2compat.h" />
		<Unit filename="intl/osdep.c">
			<Option compilerVar="CC" />
		</Unit>
		<Unit filename="intl/plural-exp.c">
			<Option compilerVar="CC" />
		</Unit>
		<Unit filename="intl/plural-exp.h" />
		<Unit filename="intl/plural.c">
			<Option compilerVar="CC" />
		</Unit>
		<Unit filename="intl/printf-args.c">
			<Option compilerVar="CC" />
		</Unit>
		<Unit filename="intl/printf-args.h" />
		<Unit filename="intl/printf-parse.c">
			<Option compilerVar="CC" />
		</Unit>
		<Unit filename="intl/printf-parse.h" />
		<Unit filename="intl/printf.c">
			<Option compilerVar="CC" />
		</Unit>
		<Unit filename="intl/relocatable.c">
			<Option compilerVar="CC" />
		</Unit>
		<Unit filename="intl/relocatable.h" />
		<Unit filename="intl/textdomain.c">
			<Option compilerVar="CC" />
		</Unit>
		<Unit filename="intl/vasnprintf.c">
			<Option compilerVar="CC" />
		</Unit>
		<Unit filename="intl/vasnprintf.h" />
		<Unit filename="intl/vasnwprintf.h" />
		<Unit filename="intl/wprintf-parse.h" />
		<Unit filename="intl/xsize.h" />
		<Unit filename="src/include/config.h" />
		<Unit filename="src/include/udjat/tools/usersession.h" />
		<Unit filename="src/library/controller.cc" />
		<Unit filename="src/library/os/linux/controller.cc" />
		<Unit filename="src/library/os/linux/environment.cc" />
		<Unit filename="src/library/os/linux/private.h" />
		<Unit filename="src/library/os/linux/session.cc" />
		<Unit filename="src/library/os/windows/controller.cc" />
		<Unit filename="src/library/os/windows/session.cc" />
		<Unit filename="src/library/session.cc" />
		<Unit filename="src/libusers/include/config.h" />
		<Unit filename="src/libusers/include/internals.h" />
		<Unit filename="src/libusers/include/users/defs.h" />
		<Unit filename="src/libusers/include/users/table.h" />
		<Unit filename="src/libusers/include/users/value.h" />
		<Unit filename="src/libusers/os/linux/private.h" />
		<Unit filename="src/libusers/os/windows/native_win32.h" />
		<Unit filename="src/module/controller.cc" />
		<Unit filename="src/module/init.cc" />
		<Unit filename="src/module/private.h" />
		<Unit filename="src/module/userlistagent.cc" />
		<Unit filename="src/os/windows/controller.cc" />
		<Unit filename="src/os/windows/session.cc" />
		<Unit filename="src/testprogram/testprogram.cc" />
		<Extensions />
	</Project>
</CodeBlocks_project_file>
